
Microsoft Visual Studio Solution File, Format Version 12.00
# Visual Studio Version 17
VisualStudioVersion = 17.0.31903.59
MinimumVisualStudioVersion = 10.0.40219.1
Project("{2150E333-8FDC-42A3-9474-1A3956D46DE8}") = "src", "src", "{393DED15-881E-47BB-A3E8-61D76C3F0E9E}"
EndProject
Project("{FAE04EC0-301F-11D3-BF4B-00C04F79EFBC}") = "OldPhoneKeypadDecoder", "src\OldPhoneKeypadDecoder\OldPhoneKeypadDecoder.csproj", "{32935F2D-1A54-4100-8222-89329F4B702E}"
EndProject
Project("{FAE04EC0-301F-11D3-BF4B-00C04F79EFBC}") = "OldPhoneKeypadDecoder.ConsoleApp", "src\OldPhoneKeypadDecoder.ConsoleApp\OldPhoneKeypadDecoder.ConsoleApp.csproj", "{875C84A9-8960-4F8D-A101-CDD859847A32}"
EndProject
Project("{2150E333-8FDC-42A3-9474-1A3956D46DE8}") = "tests", "tests", "{9A66900A-91BF-4151-8E12-027193E3F2EA}"
EndProject
Project("{FAE04EC0-301F-11D3-BF4B-00C04F79EFBC}") = "OldPhoneKeypadDecoder.Tests", "tests\OldPhoneKeypadDecoder.Tests\OldPhoneKeypadDecoder.Tests.csproj", "{8D2819AE-B615-4930-9B1D-BC2DEDF8BE5C}"
EndProject
Global
	GlobalSection(SolutionConfigurationPlatforms) = preSolution
		Debug|Any CPU = Debug|Any CPU
		Release|Any CPU = Release|Any CPU
	EndGlobalSection
	GlobalSection(SolutionProperties) = preSolution
		HideSolutionNode = FALSE
	EndGlobalSection
	GlobalSection(ProjectConfigurationPlatforms) = postSolution
		{32935F2D-1A54-4100-8222-89329F4B702E}.Debug|Any CPU.ActiveCfg = Debug|Any CPU
		{32935F2D-1A54-4100-8222-89329F4B702E}.Debug|Any CPU.Build.0 = Debug|Any CPU
		{32935F2D-1A54-4100-8222-89329F4B702E}.Release|Any CPU.ActiveCfg = Release|Any CPU
		{32935F2D-1A54-4100-8222-89329F4B702E}.Release|Any CPU.Build.0 = Release|Any CPU
		{875C84A9-8960-4F8D-A101-CDD859847A32}.Debug|Any CPU.ActiveCfg = Debug|Any CPU
		{875C84A9-8960-4F8D-A101-CDD859847A32}.Debug|Any CPU.Build.0 = Debug|Any CPU
		{875C84A9-8960-4F8D-A101-CDD859847A32}.Release|Any CPU.ActiveCfg = Release|Any CPU
		{875C84A9-8960-4F8D-A101-CDD859847A32}.Release|Any CPU.Build.0 = Release|Any CPU
		{8D2819AE-B615-4930-9B1D-BC2DEDF8BE5C}.Debug|Any CPU.ActiveCfg = Debug|Any CPU
		{8D2819AE-B615-4930-9B1D-BC2DEDF8BE5C}.Debug|Any CPU.Build.0 = Debug|Any CPU
		{8D2819AE-B615-4930-9B1D-BC2DEDF8BE5C}.Release|Any CPU.ActiveCfg = Release|Any CPU
		{8D2819AE-B615-4930-9B1D-BC2DEDF8BE5C}.Release|Any CPU.Build.0 = Release|Any CPU
	EndGlobalSection
	GlobalSection(NestedProjects) = preSolution
		{32935F2D-1A54-4100-8222-89329F4B702E} = {393DED15-881E-47BB-A3E8-61D76C3F0E9E}
		{875C84A9-8960-4F8D-A101-CDD859847A32} = {393DED15-881E-47BB-A3E8-61D76C3F0E9E}
		{8D2819AE-B615-4930-9B1D-BC2DEDF8BE5C} = {9A66900A-91BF-4151-8E12-027193E3F2EA}
	EndGlobalSection
EndGlobal
